// !$*UTF8*$!
{
	archiveVersion = 1;
	classes = {
	};
	objectVersion = 46;
	objects = {

/* Begin PBXBuildFile section */
		838579DC1F4E0A6600E7E3FE /* AppDelegate.swift in Sources */ = {isa = PBXBuildFile; fileRef = 838579DB1F4E0A6600E7E3FE /* AppDelegate.swift */; };
		838579DE1F4E0A6600E7E3FE /* ViewController.swift in Sources */ = {isa = PBXBuildFile; fileRef = 838579DD1F4E0A6600E7E3FE /* ViewController.swift */; };
		838579E11F4E0A6600E7E3FE /* Main.storyboard in Resources */ = {isa = PBXBuildFile; fileRef = 838579DF1F4E0A6600E7E3FE /* Main.storyboard */; };
		838579E31F4E0A6600E7E3FE /* Assets.xcassets in Resources */ = {isa = PBXBuildFile; fileRef = 838579E21F4E0A6600E7E3FE /* Assets.xcassets */; };
		838579E61F4E0A6600E7E3FE /* LaunchScreen.storyboard in Resources */ = {isa = PBXBuildFile; fileRef = 838579E41F4E0A6600E7E3FE /* LaunchScreen.storyboard */; };
		838579EE1F4E108700E7E3FE /* image.png in Resources */ = {isa = PBXBuildFile; fileRef = 838579ED1F4E108700E7E3FE /* image.png */; };
		838579F01F4E112C00E7E3FE /* image_off.png in Resources */ = {isa = PBXBuildFile; fileRef = 838579EF1F4E112C00E7E3FE /* image_off.png */; };
/* End PBXBuildFile section */

/* Begin PBXFileReference section */
		838579D81F4E0A6600E7E3FE /* ImageView.app */ = {isa = PBXFileReference; explicitFileType = wrapper.application; includeInIndex = 0; path = ImageView.app; sourceTree = BUILT_PRODUCTS_DIR; };
		838579DB1F4E0A6600E7E3FE /* AppDelegate.swift */ = {isa = PBXFileReference; lastKnownFileType = sourcecode.swift; path = AppDelegate.swift; sourceTree = "<group>"; };
		838579DD1F4E0A6600E7E3FE /* ViewController.swift */ = {isa = PBXFileReference; lastKnownFileType = sourcecode.swift; path = ViewController.swift; sourceTree = "<group>"; };
		838579E01F4E0A6600E7E3FE /* Base */ = {isa = PBXFileReference; lastKnownFileType = file.storyboard; name = Base; path = Base.lproj/Main.storyboard; sourceTree = "<group>"; };
		838579E21F4E0A6600E7E3FE /* Assets.xcassets */ = {isa = PBXFileReference; lastKnownFileType = folder.assetcatalog; path = Assets.xcassets; sourceTree = "<group>"; };
		838579E51F4E0A6600E7E3FE /* Base */ = {isa = PBXFileReference; lastKnownFileType = file.storyboard; name = Base; path = Base.lproj/LaunchScreen.storyboard; sourceTree = "<group>"; };
		838579E71F4E0A6600E7E3FE /* Info.plist */ = {isa = PBXFileReference; lastKnownFileType = text.plist.xml; path = Info.plist; sourceTree = "<group>"; };
		838579ED1F4E108700E7E3FE /* image.png */ = {isa = PBXFileReference; lastKnownFileType = image.png; path = image.png; sourceTree = "<group>"; };
		838579EF1F4E112C00E7E3FE /* image_off.png */ = {isa = PBXFileReference; lastKnownFileType = image.png; path = image_off.png; sourceTree = "<group>"; };
/* End PBXFileReference section */

/* Begin PBXFrameworksBuildPhase section */
		838579D51F4E0A6600E7E3FE /* Frameworks */ = {
			isa = PBXFrameworksBuildPhase;
			buildActionMask = 2147483647;
			files = (
			);
			runOnlyForDeploymentPostprocessing = 0;
		};
/* End PBXFrameworksBuildPhase section */

/* Begin PBXGroup section */
		838579CF1F4E0A6600E7E3FE = {
			isa = PBXGroup;
			children = (
				838579DA1F4E0A6600E7E3FE /* ImageView */,
				838579D91F4E0A6600E7E3FE /* Products */,
			);
			sourceTree = "<group>";
		};
		838579D91F4E0A6600E7E3FE /* Products */ = {
			isa = PBXGroup;
			children = (
				838579D81F4E0A6600E7E3FE /* ImageView.app */,
			);
			name = Products;
			sourceTree = "<group>";
		};
		838579DA1F4E0A6600E7E3FE /* ImageView */ = {
			isa = PBXGroup;
			children = (
				838579EF1F4E112C00E7E3FE /* image_off.png */,
				838579ED1F4E108700E7E3FE /* image.png */,
				838579DB1F4E0A6600E7E3FE /* AppDelegate.swift */,
				838579DD1F4E0A6600E7E3FE /* ViewController.swift */,
				838579DF1F4E0A6600E7E3FE /* Main.storyboard */,
				838579E21F4E0A6600E7E3FE /* Assets.xcassets */,
				838579E41F4E0A6600E7E3FE /* LaunchScreen.storyboard */,
				838579E71F4E0A6600E7E3FE /* Info.plist */,
			);
			path = ImageView;
			sourceTree = "<group>";
		};
/* End PBXGroup section */

/* Begin PBXNativeTarget section */
		838579D71F4E0A6600E7E3FE /* ImageView */ = {
			isa = PBXNativeTarget;
			buildConfigurationList = 838579EA1F4E0A6600E7E3FE /* Build configuration list for PBXNativeTarget "ImageView" */;
			buildPhases = (
				838579D41F4E0A6600E7E3FE /* Sources */,
				838579D51F4E0A6600E7E3FE /* Frameworks */,
				838579D61F4E0A6600E7E3FE /* Resources */,
			);
			buildRules = (
			);
			dependencies = (
			);
			name = ImageView;
			productName = ImageView;
			productReference = 838579D81F4E0A6600E7E3FE /* ImageView.app */;
			productType = "com.apple.product-type.application";
		};
/* End PBXNativeTarget section */

/* Begin PBXProject section */
		838579D01F4E0A6600E7E3FE /* Project object */ = {
			isa = PBXProject;
			attributes = {
				LastSwiftUpdateCheck = 0830;
				LastUpgradeCheck = 0830;
				ORGANIZATIONNAME = "Tae Jun Park";
				TargetAttributes = {
					838579D71F4E0A6600E7E3FE = {
						CreatedOnToolsVersion = 8.3.3;
						DevelopmentTeam = AA6T9N6F3U;
						ProvisioningStyle = Automatic;
					};
				};
			};
			buildConfigurationList = 838579D31F4E0A6600E7E3FE /* Build configuration list for PBXProject "ImageView" */;
			compatibilityVersion = "Xcode 3.2";
			developmentRegion = English;
			hasScannedForEncodings = 0;
			knownRegions = (
				en,
				Base,
			);
			mainGroup = 838579CF1F4E0A6600E7E3FE;
			productRefGroup = 838579D91F4E0A6600E7E3FE /* Products */;
			projectDirPath = "";
			projectRoot = "";
			targets = (
				838579D71F4E0A6600E7E3FE /* ImageView */,
			);
		};
/* End PBXProject section */

/* Begin PBXResourcesBuildPhase section */
		838579D61F4E0A6600E7E3FE /* Resources */ = {
			isa = PBXResourcesBuildPhase;
			buildActionMask = 2147483647;
			files = (
				838579E61F4E0A6600E7E3FE /* LaunchScreen.storyboard in Resources */,
				838579F01F4E112C00E7E3FE /* image_off.png in Resources */,
				838579E31F4E0A6600E7E3FE /* Assets.xcassets in Resources */,
				838579E11F4E0A6600E7E3FE /* Main.storyboard in Resources */,
				838579EE1F4E108700E7E3FE /* image.png in Resources */,
			);
			runOnlyForDeploymentPostprocessing = 0;
		};
/* End PBXResourcesBuildPhase section */

/* Begin PBXSourcesBuildPhase section */
		838579D41F4E0A6600E7E3FE /* Sources */ = {
			isa = PBXSourcesBuildPhase;
			buildActionMask = 2147483647;
			files = (
				838579DE1F4E0A6600E7E3FE /* ViewController.swift in Sources */,
				838579DC1F4E0A6600E7E3FE /* AppDelegate.swift in Sources */,
			);
			runOnlyForDeploymentPostprocessing = 0;
		};
/* End PBXSourcesBuildPhase section */

/* Begin PBXVariantGroup section */
		838579DF1F4E0A6600E7E3FE /* Main.storyboard */ = {
			isa = PBXVariantGroup;
			children = (
				838579E01F4E0A6600E7E3FE /* Base */,
			);
			name = Main.storyboard;
			sourceTree = "<group>";
		};
		838579E41F4E0A6600E7E3FE /* LaunchScreen.storyboard */ = {
			isa = PBXVariantGroup;
			children = (
				838579E51F4E0A6600E7E3FE /* Base */,
			);
			name = LaunchScreen.storyboard;
			sourceTree = "<group>";
		};
/* End PBXVariantGroup section */

/* Begin XCBuildConfiguration section */
		838579E81F4E0A6600E7E3FE /* Debug */ = {
			isa = XCBuildConfiguration;
			buildSettings = {
				ALWAYS_SEARCH_USER_PATHS = NO;
				CLANG_ANALYZER_NONNULL = YES;
				CLANG_ANALYZER_NUMBER_OBJECT_CONVERSION = YES_AGGRESSIVE;
				CLANG_CXX_LANGUAGE_STANDARD = "gnu++0x";
				CLANG_CXX_LIBRARY = "libc++";
				CLANG_ENABLE_MODULES = YES;
				CLANG_ENABLE_OBJC_ARC = YES;
				CLANG_WARN_BOOL_CONVERSION = YES;
				CLANG_WARN_CONSTANT_CONVERSION = YES;
				CLANG_WARN_DIRECT_OBJC_ISA_USAGE = YES_ERROR;
				CLANG_WARN_DOCUMENTATION_COMMENTS = YES;
				CLANG_WARN_EMPTY_BODY = YES;
				CLANG_WARN_ENUM_CONVERSION = YES;
				CLANG_WARN_INFINITE_RECURSION = YES;
				CLANG_WARN_INT_CONVERSION = YES;
				CLANG_WARN_OBJC_ROOT_CLASS = YES_ERROR;
				CLANG_WARN_SUSPICIOUS_MOVE = YES;
				CLANG_WARN_UNREACHABLE_CODE = YES;
				CLANG_WARN__DUPLICATE_METHOD_MATCH = YES;
				"CODE_SIGN_IDENTITY[sdk=iphoneos*]" = "iPhone Developer";
				COPY_PHASE_STRIP = NO;
				DEBUG_INFORMATION_FORMAT = dwarf;
				ENABLE_STRICT_OBJC_MSGSEND = YES;
				ENABLE_TESTABILITY = YES;
				GCC_C_LANGUAGE_STANDARD = gnu99;
				GCC_DYNAMIC_NO_PIC = NO;
				GCC_NO_COMMON_BLOCKS = YES;
				GCC_OPTIMIZATION_LEVEL = 0;
				GCC_PREPROCESSOR_DEFINITIONS = (
					"DEBUG=1",
					"$(inherited)",
				);
				GCC_WARN_64_TO_32_BIT_CONVERSION = YES;
				GCC_WARN_ABOUT_RETURN_TYPE = YES_ERROR;
				GCC_WARN_UNDECLARED_SELECTOR = YES;
				GCC_WARN_UNINITIALIZED_AUTOS = YES_AGGRESSIVE;
				GCC_WARN_UNUSED_FUNCTION = YES;
				GCC_WARN_UNUSED_VARIABLE = YES;
				IPHONEOS_DEPLOYMENT_TARGET = 10.3;
				MTL_ENABLE_DEBUG_INFO = YES;
				ONLY_ACTIVE_ARCH = YES;
				SDKROOT = iphoneos;
				SWIFT_ACTIVE_COMPILATION_CONDITIONS = DEBUG;
				SWIFT_OPTIMIZATION_LEVEL = "-Onone";
			};
			name = Debug;
		};
		838579E91F4E0A6600E7E3FE /* Release */ = {
			isa = XCBuildConfiguration;
			buildSettings = {
				ALWAYS_SEARCH_USER_PATHS = NO;
				CLANG_ANALYZER_NONNULL = YES;
				CLANG_ANALYZER_NUMBER_OBJECT_CONVERSION = YES_AGGRESSIVE;
				CLANG_CXX_LANGUAGE_STANDARD = "gnu++0x";
				CLANG_CXX_LIBRARY = "libc++";
				CLANG_ENABLE_MODULES = YES;
				CLANG_ENABLE_OBJC_ARC = YES;
				CLANG_WARN_BOOL_CONVERSION = YES;
				CLANG_WARN_CONSTANT_CONVERSION = YES;
				CLANG_WARN_DIRECT_OBJC_ISA_USAGE = YES_ERROR;
				CLANG_WARN_DOCUMENTATION_COMMENTS = YES;
				CLANG_WARN_EMPTY_BODY = YES;
				CLANG_WARN_ENUM_CONVERSION = YES;
				CLANG_WARN_INFINITE_RECURSION = YES;
				CLANG_WARN_INT_CONVERSION = YES;
				CLANG_WARN_OBJC_ROOT_CLASS = YES_ERROR;
				CLANG_WARN_SUSPICIOUS_MOVE = YES;
				CLANG_WARN_UNREACHABLE_CODE = YES;
				CLANG_WARN__DUPLICATE_METHOD_MATCH = YES;
				"CODE_SIGN_IDENTITY[sdk=iphoneos*]" = "iPhone Developer";
				COPY_PHASE_STRIP = NO;
				DEBUG_INFORMATION_FORMAT = "dwarf-with-dsym";
				ENABLE_NS_ASSERTIONS = NO;
				ENABLE_STRICT_OBJC_MSGSEND = YES;
				GCC_C_LANGUAGE_STANDARD = gnu99;
				GCC_NO_COMMON_BLOCKS = YES;
				GCC_WARN_64_TO_32_BIT_CONVERSION = YES;
				GCC_WARN_ABOUT_RETURN_TYPE = YES_ERROR;
				GCC_WARN_UNDECLARED_SELECTOR = YES;
				GCC_WARN_UNINITIALIZED_AUTOS = YES_AGGRESSIVE;
				GCC_WARN_UNUSED_FUNCTION = YES;
				GCC_WARN_UNUSED_VARIABLE = YES;
				IPHONEOS_DEPLOYMENT_TARGET = 10.3;
				MTL_ENABLE_DEBUG_INFO = NO;
				SDKROOT = iphoneos;
				SWIFT_OPTIMIZATION_LEVEL = "-Owholemodule";
				VALIDATE_PRODUCT = YES;
			};
			name = Release;
		};
		838579EB1F4E0A6600E7E3FE /* Debug */ = {
			isa = XCBuildConfiguration;
			buildSettings = {
				ASSETCATALOG_COMPILER_APPICON_NAME = AppIcon;
				DEVELOPMENT_TEAM = AA6T9N6F3U;
				INFOPLIST_FILE = ImageView/Info.plist;
				LD_RUNPATH_SEARCH_PATHS = "$(inherited) @executable_path/Frameworks";
				PRODUCT_BUNDLE_IDENTIFIER = puze8681.ImageView;
				PRODUCT_NAME = "$(TARGET_NAME)";
				SWIFT_VERSION = 3.0;
			};
			name = Debug;
		};
		838579EC1F4E0A6600E7E3FE /* Release */ = {
			isa = XCBuildConfiguration;
			buildSettings = {
				ASSETCATALOG_COMPILER_APPICON_NAME = AppIcon;
				DEVELOPMENT_TEAM = AA6T9N6F3U;
				INFOPLIST_FILE = ImageView/Info.plist;
				LD_RUNPATH_SEARCH_PATHS = "$(inherited) @executable_path/Frameworks";
				PRODUCT_BUNDLE_IDENTIFIER = puze8681.ImageView;
				PRODUCT_NAME = "$(TARGET_NAME)";
				SWIFT_VERSION = 3.0;
			};
			name = Release;
		};
/* End XCBuildConfiguration section */

/* Begin XCConfigurationList section */
		838579D31F4E0A6600E7E3FE /* Build configuration list for PBXProject "ImageView" */ = {
			isa = XCConfigurationList;
			buildConfigurations = (
				838579E81F4E0A6600E7E3FE /* Debug */,
				838579E91F4E0A6600E7E3FE /* Release */,
			);
			defaultConfigurationIsVisible = 0;
			defaultConfigurationName = Release;
		};
		838579EA1F4E0A6600E7E3FE /* Build configuration list for PBXNativeTarget "ImageView" */ = {
			isa = XCConfigurationList;
			buildConfigurations = (
				838579EB1F4E0A6600E7E3FE /* Debug */,
				838579EC1F4E0A6600E7E3FE /* Release */,
			);
			defaultConfigurationIsVisible = 0;
		};
/* End XCConfigurationList section */
	};
	rootObject = 838579D01F4E0A6600E7E3FE /* Project object */;
}
